
Microsoft Visual Studio Solution File, Format Version 12.00
# Visual Studio Version 17
VisualStudioVersion = 17.9.34622.214
MinimumVisualStudioVersion = 10.0.40219.1
Project("{FAE04EC0-301F-11D3-BF4B-00C04F79EFBC}") = "Lab14", "Lab14\Lab14.csproj", "{152660DC-70C4-4A13-9517-DF90793917D6}"
EndProject
Global
	GlobalSection(SolutionConfigurationPlatforms) = preSolution
		Debug|Any CPU = Debug|Any CPU
		Release|Any CPU = Release|Any CPU
	EndGlobalSection
	GlobalSection(ProjectConfigurationPlatforms) = postSolution
		{152660DC-70C4-4A13-9517-DF90793917D6}.Debug|Any CPU.ActiveCfg = Debug|Any CPU
		{152660DC-70C4-4A13-9517-DF90793917D6}.Debug|Any CPU.Build.0 = Debug|Any CPU
		{152660DC-70C4-4A13-9517-DF90793917D6}.Release|Any CPU.ActiveCfg = Release|Any CPU
		{152660DC-70C4-4A13-9517-DF90793917D6}.Release|Any CPU.Build.0 = Release|Any CPU
	EndGlobalSection
	GlobalSection(SolutionProperties) = preSolution
		HideSolutionNode = FALSE
	EndGlobalSection
	GlobalSection(ExtensibilityGlobals) = postSolution
		SolutionGuid = {74B310CB-E6C3-4FFA-A380-5A623C616954}
	EndGlobalSection
EndGlobal
